// !$*UTF8*$!
{
	archiveVersion = 1;
	classes = {
	};
	objectVersion = 50;
	objects = {

/* Begin PBXBuildFile section */
		752274C922F1973C00AE6870 /* AppDelegate.m in Sources */ = {isa = PBXBuildFile; fileRef = 752274C822F1973C00AE6870 /* AppDelegate.m */; };
		752274CC22F1973C00AE6870 /* ViewController.m in Sources */ = {isa = PBXBuildFile; fileRef = 752274CB22F1973C00AE6870 /* ViewController.m */; };
		752274D122F1973F00AE6870 /* Assets.xcassets in Resources */ = {isa = PBXBuildFile; fileRef = 752274D022F1973F00AE6870 /* Assets.xcassets */; };
		752274D422F1973F00AE6870 /* LaunchScreen.storyboard in Resources */ = {isa = PBXBuildFile; fileRef = 752274D222F1973F00AE6870 /* LaunchScreen.storyboard */; };
		752274D722F1973F00AE6870 /* main.m in Sources */ = {isa = PBXBuildFile; fileRef = 752274D622F1973F00AE6870 /* main.m */; };
		752274E322F19D1400AE6870 /* Default-568h@2x.png in Resources */ = {isa = PBXBuildFile; fileRef = 752274E222F19D1400AE6870 /* Default-568h@2x.png */; };
		755F700522F3D6EE001734EF /* AttibuteOne.m in Sources */ = {isa = PBXBuildFile; fileRef = 755F700422F3D6EE001734EF /* AttibuteOne.m */; };
		755F700822F3D70C001734EF /* AttributeTwo.m in Sources */ = {isa = PBXBuildFile; fileRef = 755F700722F3D70C001734EF /* AttributeTwo.m */; };
		755F701D22F3DA6F001734EF /* NSUserOne.m in Sources */ = {isa = PBXBuildFile; fileRef = 755F700E22F3DA6E001734EF /* NSUserOne.m */; };
		755F701E22F3DA6F001734EF /* DelegateTwo.m in Sources */ = {isa = PBXBuildFile; fileRef = 755F701022F3DA6E001734EF /* DelegateTwo.m */; };
		755F701F22F3DA6F001734EF /* ObserverOne.m in Sources */ = {isa = PBXBuildFile; fileRef = 755F701122F3DA6E001734EF /* ObserverOne.m */; };
		755F702022F3DA6F001734EF /* BlockOne.m in Sources */ = {isa = PBXBuildFile; fileRef = 755F701222F3DA6E001734EF /* BlockOne.m */; };
		755F702122F3DA6F001734EF /* ObserverTwo.m in Sources */ = {isa = PBXBuildFile; fileRef = 755F701322F3DA6E001734EF /* ObserverTwo.m */; };
		755F702222F3DA6F001734EF /* BlockTwo.m in Sources */ = {isa = PBXBuildFile; fileRef = 755F701522F3DA6E001734EF /* BlockTwo.m */; };
		755F702322F3DA6F001734EF /* DelegateOne.m in Sources */ = {isa = PBXBuildFile; fileRef = 755F701622F3DA6E001734EF /* DelegateOne.m */; };
		755F702422F3DA6F001734EF /* SingleTwo.m in Sources */ = {isa = PBXBuildFile; fileRef = 755F701722F3DA6E001734EF /* SingleTwo.m */; };
		755F702522F3DA6F001734EF /* SingleOne.m in Sources */ = {isa = PBXBuildFile; fileRef = 755F701822F3DA6E001734EF /* SingleOne.m */; };
		755F702622F3DA6F001734EF /* NSUserTwo.m in Sources */ = {isa = PBXBuildFile; fileRef = 755F701A22F3DA6F001734EF /* NSUserTwo.m */; };
		755F702822F41438001734EF /* README.md in Resources */ = {isa = PBXBuildFile; fileRef = 755F702722F41437001734EF /* README.md */; };
		75D4B14B22F2819E00C86113 /* NextViewController.m in Sources */ = {isa = PBXBuildFile; fileRef = 75D4B14A22F2819E00C86113 /* NextViewController.m */; };
		75D4B15022F2930100C86113 /* Instance.m in Sources */ = {isa = PBXBuildFile; fileRef = 75D4B14F22F2930100C86113 /* Instance.m */; };
		75ED264022F7FBE800872E47 /* ImageViewController.m in Sources */ = {isa = PBXBuildFile; fileRef = 75ED263F22F7FBE800872E47 /* ImageViewController.m */; };
/* End PBXBuildFile section */

/* Begin PBXFileReference section */
		752274C422F1973C00AE6870 /* diOSDemo.app */ = {isa = PBXFileReference; explicitFileType = wrapper.application; includeInIndex = 0; path = diOSDemo.app; sourceTree = BUILT_PRODUCTS_DIR; };
		752274C722F1973C00AE6870 /* AppDelegate.h */ = {isa = PBXFileReference; lastKnownFileType = sourcecode.c.h; path = AppDelegate.h; sourceTree = "<group>"; };
		752274C822F1973C00AE6870 /* AppDelegate.m */ = {isa = PBXFileReference; lastKnownFileType = sourcecode.c.objc; path = AppDelegate.m; sourceTree = "<group>"; };
		752274CA22F1973C00AE6870 /* ViewController.h */ = {isa = PBXFileReference; lastKnownFileType = sourcecode.c.h; path = ViewController.h; sourceTree = "<group>"; };
		752274CB22F1973C00AE6870 /* ViewController.m */ = {isa = PBXFileReference; lastKnownFileType = sourcecode.c.objc; path = ViewController.m; sourceTree = "<group>"; };
		752274D022F1973F00AE6870 /* Assets.xcassets */ = {isa = PBXFileReference; lastKnownFileType = folder.assetcatalog; path = Assets.xcassets; sourceTree = "<group>"; };
		752274D322F1973F00AE6870 /* Base */ = {isa = PBXFileReference; lastKnownFileType = file.storyboard; name = Base; path = Base.lproj/LaunchScreen.storyboard; sourceTree = "<group>"; };
		752274D522F1973F00AE6870 /* Info.plist */ = {isa = PBXFileReference; lastKnownFileType = text.plist.xml; path = Info.plist; sourceTree = "<group>"; };
		752274D622F1973F00AE6870 /* main.m */ = {isa = PBXFileReference; lastKnownFileType = sourcecode.c.objc; path = main.m; sourceTree = "<group>"; };
		752274E222F19D1400AE6870 /* Default-568h@2x.png */ = {isa = PBXFileReference; lastKnownFileType = image.png; path = "Default-568h@2x.png"; sourceTree = "<group>"; };
		755F700322F3D6EE001734EF /* AttibuteOne.h */ = {isa = PBXFileReference; lastKnownFileType = sourcecode.c.h; path = AttibuteOne.h; sourceTree = "<group>"; };
		755F700422F3D6EE001734EF /* AttibuteOne.m */ = {isa = PBXFileReference; lastKnownFileType = sourcecode.c.objc; path = AttibuteOne.m; sourceTree = "<group>"; };
		755F700622F3D70C001734EF /* AttributeTwo.h */ = {isa = PBXFileReference; lastKnownFileType = sourcecode.c.h; path = AttributeTwo.h; sourceTree = "<group>"; };
		755F700722F3D70C001734EF /* AttributeTwo.m */ = {isa = PBXFileReference; lastKnownFileType = sourcecode.c.objc; path = AttributeTwo.m; sourceTree = "<group>"; };
		755F700922F3DA6E001734EF /* BlockTwo.h */ = {isa = PBXFileReference; fileEncoding = 4; lastKnownFileType = sourcecode.c.h; path = BlockTwo.h; sourceTree = "<group>"; };
		755F700A22F3DA6E001734EF /* ObserverTwo.h */ = {isa = PBXFileReference; fileEncoding = 4; lastKnownFileType = sourcecode.c.h; path = ObserverTwo.h; sourceTree = "<group>"; };
		755F700B22F3DA6E001734EF /* SingleOne.h */ = {isa = PBXFileReference; fileEncoding = 4; lastKnownFileType = sourcecode.c.h; path = SingleOne.h; sourceTree = "<group>"; };
		755F700C22F3DA6E001734EF /* NSUserOne.h */ = {isa = PBXFileReference; fileEncoding = 4; lastKnownFileType = sourcecode.c.h; path = NSUserOne.h; sourceTree = "<group>"; };
		755F700D22F3DA6E001734EF /* DelegateTwo.h */ = {isa = PBXFileReference; fileEncoding = 4; lastKnownFileType = sourcecode.c.h; path = DelegateTwo.h; sourceTree = "<group>"; };
		755F700E22F3DA6E001734EF /* NSUserOne.m */ = {isa = PBXFileReference; fileEncoding = 4; lastKnownFileType = sourcecode.c.objc; path = NSUserOne.m; sourceTree = "<group>"; };
		755F700F22F3DA6E001734EF /* BlockOne.h */ = {isa = PBXFileReference; fileEncoding = 4; lastKnownFileType = sourcecode.c.h; path = BlockOne.h; sourceTree = "<group>"; };
		755F701022F3DA6E001734EF /* DelegateTwo.m */ = {isa = PBXFileReference; fileEncoding = 4; lastKnownFileType = sourcecode.c.objc; path = DelegateTwo.m; sourceTree = "<group>"; };
		755F701122F3DA6E001734EF /* ObserverOne.m */ = {isa = PBXFileReference; fileEncoding = 4; lastKnownFileType = sourcecode.c.objc; path = ObserverOne.m; sourceTree = "<group>"; };
		755F701222F3DA6E001734EF /* BlockOne.m */ = {isa = PBXFileReference; fileEncoding = 4; lastKnownFileType = sourcecode.c.objc; path = BlockOne.m; sourceTree = "<group>"; };
		755F701322F3DA6E001734EF /* ObserverTwo.m */ = {isa = PBXFileReference; fileEncoding = 4; lastKnownFileType = sourcecode.c.objc; path = ObserverTwo.m; sourceTree = "<group>"; };
		755F701422F3DA6E001734EF /* NSUserTwo.h */ = {isa = PBXFileReference; fileEncoding = 4; lastKnownFileType = sourcecode.c.h; path = NSUserTwo.h; sourceTree = "<group>"; };
		755F701522F3DA6E001734EF /* BlockTwo.m */ = {isa = PBXFileReference; fileEncoding = 4; lastKnownFileType = sourcecode.c.objc; path = BlockTwo.m; sourceTree = "<group>"; };
		755F701622F3DA6E001734EF /* DelegateOne.m */ = {isa = PBXFileReference; fileEncoding = 4; lastKnownFileType = sourcecode.c.objc; path = DelegateOne.m; sourceTree = "<group>"; };
		755F701722F3DA6E001734EF /* SingleTwo.m */ = {isa = PBXFileReference; fileEncoding = 4; lastKnownFileType = sourcecode.c.objc; path = SingleTwo.m; sourceTree = "<group>"; };
		755F701822F3DA6E001734EF /* SingleOne.m */ = {isa = PBXFileReference; fileEncoding = 4; lastKnownFileType = sourcecode.c.objc; path = SingleOne.m; sourceTree = "<group>"; };
		755F701922F3DA6F001734EF /* ObserverOne.h */ = {isa = PBXFileReference; fileEncoding = 4; lastKnownFileType = sourcecode.c.h; path = ObserverOne.h; sourceTree = "<group>"; };
		755F701A22F3DA6F001734EF /* NSUserTwo.m */ = {isa = PBXFileReference; fileEncoding = 4; lastKnownFileType = sourcecode.c.objc; path = NSUserTwo.m; sourceTree = "<group>"; };
		755F701B22F3DA6F001734EF /* SingleTwo.h */ = {isa = PBXFileReference; fileEncoding = 4; lastKnownFileType = sourcecode.c.h; path = SingleTwo.h; sourceTree = "<group>"; };
		755F701C22F3DA6F001734EF /* DelegateOne.h */ = {isa = PBXFileReference; fileEncoding = 4; lastKnownFileType = sourcecode.c.h; path = DelegateOne.h; sourceTree = "<group>"; };
		755F702722F41437001734EF /* README.md */ = {isa = PBXFileReference; fileEncoding = 4; lastKnownFileType = net.daringfireball.markdown; path = README.md; sourceTree = SOURCE_ROOT; };
		75D4B14922F2819E00C86113 /* NextViewController.h */ = {isa = PBXFileReference; lastKnownFileType = sourcecode.c.h; path = NextViewController.h; sourceTree = "<group>"; };
		75D4B14A22F2819E00C86113 /* NextViewController.m */ = {isa = PBXFileReference; lastKnownFileType = sourcecode.c.objc; path = NextViewController.m; sourceTree = "<group>"; };
		75D4B14E22F2930100C86113 /* Instance.h */ = {isa = PBXFileReference; lastKnownFileType = sourcecode.c.h; path = Instance.h; sourceTree = "<group>"; };
		75D4B14F22F2930100C86113 /* Instance.m */ = {isa = PBXFileReference; lastKnownFileType = sourcecode.c.objc; path = Instance.m; sourceTree = "<group>"; };
		75ED263E22F7FBE800872E47 /* ImageViewController.h */ = {isa = PBXFileReference; lastKnownFileType = sourcecode.c.h; path = ImageViewController.h; sourceTree = "<group>"; };
		75ED263F22F7FBE800872E47 /* ImageViewController.m */ = {isa = PBXFileReference; lastKnownFileType = sourcecode.c.objc; path = ImageViewController.m; sourceTree = "<group>"; };
/* End PBXFileReference section */

/* Begin PBXFrameworksBuildPhase section */
		752274C122F1973C00AE6870 /* Frameworks */ = {
			isa = PBXFrameworksBuildPhase;
			buildActionMask = 2147483647;
			files = (
			);
			runOnlyForDeploymentPostprocessing = 0;
		};
/* End PBXFrameworksBuildPhase section */

/* Begin PBXGroup section */
		752274BB22F1973C00AE6870 = {
			isa = PBXGroup;
			children = (
				752274E222F19D1400AE6870 /* Default-568h@2x.png */,
				752274C622F1973C00AE6870 /* diOSDemo */,
				752274C522F1973C00AE6870 /* Products */,
			);
			sourceTree = "<group>";
		};
		752274C522F1973C00AE6870 /* Products */ = {
			isa = PBXGroup;
			children = (
				752274C422F1973C00AE6870 /* diOSDemo.app */,
			);
			name = Products;
			sourceTree = "<group>";
		};
		752274C622F1973C00AE6870 /* diOSDemo */ = {
			isa = PBXGroup;
			children = (
				75D4B14C22F292D000C86113 /* Utils */,
				752274E522F1A19500AE6870 /* View */,
				752274E422F19D4600AE6870 /* supporting Files */,
				752274DF22F19C4B00AE6870 /* Main */,
			);
			path = diOSDemo;
			sourceTree = "<group>";
		};
		752274DF22F19C4B00AE6870 /* Main */ = {
			isa = PBXGroup;
			children = (
				752274C722F1973C00AE6870 /* AppDelegate.h */,
				752274C822F1973C00AE6870 /* AppDelegate.m */,
			);
			path = Main;
			sourceTree = "<group>";
		};
		752274E422F19D4600AE6870 /* supporting Files */ = {
			isa = PBXGroup;
			children = (
				755F702722F41437001734EF /* README.md */,
				752274D022F1973F00AE6870 /* Assets.xcassets */,
				752274D222F1973F00AE6870 /* LaunchScreen.storyboard */,
				752274D522F1973F00AE6870 /* Info.plist */,
				752274D622F1973F00AE6870 /* main.m */,
			);
			name = "supporting Files";
			sourceTree = "<group>";
		};
		752274E522F1A19500AE6870 /* View */ = {
			isa = PBXGroup;
			children = (
				75D4B14822F2816A00C86113 /* Practice */,
			);
			path = View;
			sourceTree = "<group>";
		};
		755F700222F3D6A3001734EF /* PassValue */ = {
			isa = PBXGroup;
			children = (
				755F700F22F3DA6E001734EF /* BlockOne.h */,
				755F701222F3DA6E001734EF /* BlockOne.m */,
				755F700922F3DA6E001734EF /* BlockTwo.h */,
				755F701522F3DA6E001734EF /* BlockTwo.m */,
				755F701C22F3DA6F001734EF /* DelegateOne.h */,
				755F701622F3DA6E001734EF /* DelegateOne.m */,
				755F700D22F3DA6E001734EF /* DelegateTwo.h */,
				755F701022F3DA6E001734EF /* DelegateTwo.m */,
				755F700C22F3DA6E001734EF /* NSUserOne.h */,
				755F700E22F3DA6E001734EF /* NSUserOne.m */,
				755F701422F3DA6E001734EF /* NSUserTwo.h */,
				755F701A22F3DA6F001734EF /* NSUserTwo.m */,
				755F701922F3DA6F001734EF /* ObserverOne.h */,
				755F701122F3DA6E001734EF /* ObserverOne.m */,
				755F700A22F3DA6E001734EF /* ObserverTwo.h */,
				755F701322F3DA6E001734EF /* ObserverTwo.m */,
				755F700B22F3DA6E001734EF /* SingleOne.h */,
				755F701822F3DA6E001734EF /* SingleOne.m */,
				755F701B22F3DA6F001734EF /* SingleTwo.h */,
				755F701722F3DA6E001734EF /* SingleTwo.m */,
				755F700322F3D6EE001734EF /* AttibuteOne.h */,
				755F700422F3D6EE001734EF /* AttibuteOne.m */,
				755F700622F3D70C001734EF /* AttributeTwo.h */,
				755F700722F3D70C001734EF /* AttributeTwo.m */,
			);
			path = PassValue;
			sourceTree = "<group>";
		};
		75D4B14822F2816A00C86113 /* Practice */ = {
			isa = PBXGroup;
			children = (
				75ED263C22F7FB0B00872E47 /* Media */,
				755F700222F3D6A3001734EF /* PassValue */,
				752274CA22F1973C00AE6870 /* ViewController.h */,
				752274CB22F1973C00AE6870 /* ViewController.m */,
				75D4B14922F2819E00C86113 /* NextViewController.h */,
				75D4B14A22F2819E00C86113 /* NextViewController.m */,
			);
			path = Practice;
			sourceTree = "<group>";
		};
		75D4B14C22F292D000C86113 /* Utils */ = {
			isa = PBXGroup;
			children = (
				75D4B14D22F292DC00C86113 /* Single */,
			);
			path = Utils;
			sourceTree = "<group>";
		};
		75D4B14D22F292DC00C86113 /* Single */ = {
			isa = PBXGroup;
			children = (
				75D4B14E22F2930100C86113 /* Instance.h */,
				75D4B14F22F2930100C86113 /* Instance.m */,
			);
			path = Single;
			sourceTree = "<group>";
		};
		75ED263C22F7FB0B00872E47 /* Media */ = {
			isa = PBXGroup;
			children = (
				75ED263D22F7FBA900872E47 /* ImagePickerDemo */,
			);
			path = Media;
			sourceTree = "<group>";
		};
		75ED263D22F7FBA900872E47 /* ImagePickerDemo */ = {
			isa = PBXGroup;
			children = (
				75ED263E22F7FBE800872E47 /* ImageViewController.h */,
				75ED263F22F7FBE800872E47 /* ImageViewController.m */,
			);
			path = ImagePickerDemo;
			sourceTree = "<group>";
		};
/* End PBXGroup section */

/* Begin PBXNativeTarget section */
		752274C322F1973C00AE6870 /* diOSDemo */ = {
			isa = PBXNativeTarget;
			buildConfigurationList = 752274DA22F1973F00AE6870 /* Build configuration list for PBXNativeTarget "diOSDemo" */;
			buildPhases = (
				752274C022F1973C00AE6870 /* Sources */,
				752274C122F1973C00AE6870 /* Frameworks */,
				752274C222F1973C00AE6870 /* Resources */,
			);
			buildRules = (
			);
			dependencies = (
			);
			name = diOSDemo;
			productName = diOSDemo;
			productReference = 752274C422F1973C00AE6870 /* diOSDemo.app */;
			productType = "com.apple.product-type.application";
		};
/* End PBXNativeTarget section */

/* Begin PBXProject section */
		752274BC22F1973C00AE6870 /* Project object */ = {
			isa = PBXProject;
			attributes = {
				LastUpgradeCheck = 1010;
				ORGANIZATIONNAME = hl;
				TargetAttributes = {
					752274C322F1973C00AE6870 = {
						CreatedOnToolsVersion = 10.1;
					};
				};
			};
			buildConfigurationList = 752274BF22F1973C00AE6870 /* Build configuration list for PBXProject "diOSDemo" */;
			compatibilityVersion = "Xcode 9.3";
			developmentRegion = en;
			hasScannedForEncodings = 0;
			knownRegions = (
				en,
				Base,
			);
			mainGroup = 752274BB22F1973C00AE6870;
			productRefGroup = 752274C522F1973C00AE6870 /* Products */;
			projectDirPath = "";
			projectRoot = "";
			targets = (
				752274C322F1973C00AE6870 /* diOSDemo */,
			);
		};
/* End PBXProject section */

/* Begin PBXResourcesBuildPhase section */
		752274C222F1973C00AE6870 /* Resources */ = {
			isa = PBXResourcesBuildPhase;
			buildActionMask = 2147483647;
			files = (
				752274D422F1973F00AE6870 /* LaunchScreen.storyboard in Resources */,
				752274E322F19D1400AE6870 /* Default-568h@2x.png in Resources */,
				755F702822F41438001734EF /* README.md in Resources */,
				752274D122F1973F00AE6870 /* Assets.xcassets in Resources */,
			);
			runOnlyForDeploymentPostprocessing = 0;
		};
/* End PBXResourcesBuildPhase section */

/* Begin PBXSourcesBuildPhase section */
		752274C022F1973C00AE6870 /* Sources */ = {
			isa = PBXSourcesBuildPhase;
			buildActionMask = 2147483647;
			files = (
				755F701D22F3DA6F001734EF /* NSUserOne.m in Sources */,
				755F702222F3DA6F001734EF /* BlockTwo.m in Sources */,
				755F701E22F3DA6F001734EF /* DelegateTwo.m in Sources */,
				755F702422F3DA6F001734EF /* SingleTwo.m in Sources */,
				755F702622F3DA6F001734EF /* NSUserTwo.m in Sources */,
				752274CC22F1973C00AE6870 /* ViewController.m in Sources */,
				75ED264022F7FBE800872E47 /* ImageViewController.m in Sources */,
				75D4B14B22F2819E00C86113 /* NextViewController.m in Sources */,
				755F700822F3D70C001734EF /* AttributeTwo.m in Sources */,
				75D4B15022F2930100C86113 /* Instance.m in Sources */,
				755F702322F3DA6F001734EF /* DelegateOne.m in Sources */,
				755F702022F3DA6F001734EF /* BlockOne.m in Sources */,
				755F702522F3DA6F001734EF /* SingleOne.m in Sources */,
				755F701F22F3DA6F001734EF /* ObserverOne.m in Sources */,
				752274D722F1973F00AE6870 /* main.m in Sources */,
				755F700522F3D6EE001734EF /* AttibuteOne.m in Sources */,
				755F702122F3DA6F001734EF /* ObserverTwo.m in Sources */,
				752274C922F1973C00AE6870 /* AppDelegate.m in Sources */,
			);
			runOnlyForDeploymentPostprocessing = 0;
		};
/* End PBXSourcesBuildPhase section */

/* Begin PBXVariantGroup section */
		752274D222F1973F00AE6870 /* LaunchScreen.storyboard */ = {
			isa = PBXVariantGroup;
			children = (
				752274D322F1973F00AE6870 /* Base */,
			);
			name = LaunchScreen.storyboard;
			sourceTree = "<group>";
		};
/* End PBXVariantGroup section */

/* Begin XCBuildConfiguration section */
		752274D822F1973F00AE6870 /* Debug */ = {
			isa = XCBuildConfiguration;
			buildSettings = {
				ALWAYS_SEARCH_USER_PATHS = NO;
				CLANG_ANALYZER_NONNULL = YES;
				CLANG_ANALYZER_NUMBER_OBJECT_CONVERSION = YES_AGGRESSIVE;
				CLANG_CXX_LANGUAGE_STANDARD = "gnu++14";
				CLANG_CXX_LIBRARY = "libc++";
				CLANG_ENABLE_MODULES = YES;
				CLANG_ENABLE_OBJC_ARC = YES;
				CLANG_ENABLE_OBJC_WEAK = YES;
				CLANG_WARN_BLOCK_CAPTURE_AUTORELEASING = YES;
				CLANG_WARN_BOOL_CONVERSION = YES;
				CLANG_WARN_COMMA = YES;
				CLANG_WARN_CONSTANT_CONVERSION = YES;
				CLANG_WARN_DEPRECATED_OBJC_IMPLEMENTATIONS = YES;
				CLANG_WARN_DIRECT_OBJC_ISA_USAGE = YES_ERROR;
				CLANG_WARN_DOCUMENTATION_COMMENTS = YES;
				CLANG_WARN_EMPTY_BODY = YES;
				CLANG_WARN_ENUM_CONVERSION = YES;
				CLANG_WARN_INFINITE_RECURSION = YES;
				CLANG_WARN_INT_CONVERSION = YES;
				CLANG_WARN_NON_LITERAL_NULL_CONVERSION = YES;
				CLANG_WARN_OBJC_IMPLICIT_RETAIN_SELF = YES;
				CLANG_WARN_OBJC_LITERAL_CONVERSION = YES;
				CLANG_WARN_OBJC_ROOT_CLASS = YES_ERROR;
				CLANG_WARN_RANGE_LOOP_ANALYSIS = YES;
				CLANG_WARN_STRICT_PROTOTYPES = YES;
				CLANG_WARN_SUSPICIOUS_MOVE = YES;
				CLANG_WARN_UNGUARDED_AVAILABILITY = YES_AGGRESSIVE;
				CLANG_WARN_UNREACHABLE_CODE = YES;
				CLANG_WARN__DUPLICATE_METHOD_MATCH = YES;
				CODE_SIGN_IDENTITY = "iPhone Developer";
				COPY_PHASE_STRIP = NO;
				DEBUG_INFORMATION_FORMAT = dwarf;
				ENABLE_STRICT_OBJC_MSGSEND = YES;
				ENABLE_TESTABILITY = YES;
				GCC_C_LANGUAGE_STANDARD = gnu11;
				GCC_DYNAMIC_NO_PIC = NO;
				GCC_NO_COMMON_BLOCKS = YES;
				GCC_OPTIMIZATION_LEVEL = 0;
				GCC_PREPROCESSOR_DEFINITIONS = (
					"DEBUG=1",
					"$(inherited)",
				);
				GCC_WARN_64_TO_32_BIT_CONVERSION = YES;
				GCC_WARN_ABOUT_RETURN_TYPE = YES_ERROR;
				GCC_WARN_UNDECLARED_SELECTOR = YES;
				GCC_WARN_UNINITIALIZED_AUTOS = YES_AGGRESSIVE;
				GCC_WARN_UNUSED_FUNCTION = YES;
				GCC_WARN_UNUSED_VARIABLE = YES;
				IPHONEOS_DEPLOYMENT_TARGET = 12.1;
				MTL_ENABLE_DEBUG_INFO = INCLUDE_SOURCE;
				MTL_FAST_MATH = YES;
				ONLY_ACTIVE_ARCH = YES;
				SDKROOT = iphoneos;
			};
			name = Debug;
		};
		752274D922F1973F00AE6870 /* Release */ = {
			isa = XCBuildConfiguration;
			buildSettings = {
				ALWAYS_SEARCH_USER_PATHS = NO;
				CLANG_ANALYZER_NONNULL = YES;
				CLANG_ANALYZER_NUMBER_OBJECT_CONVERSION = YES_AGGRESSIVE;
				CLANG_CXX_LANGUAGE_STANDARD = "gnu++14";
				CLANG_CXX_LIBRARY = "libc++";
				CLANG_ENABLE_MODULES = YES;
				CLANG_ENABLE_OBJC_ARC = YES;
				CLANG_ENABLE_OBJC_WEAK = YES;
				CLANG_WARN_BLOCK_CAPTURE_AUTORELEASING = YES;
				CLANG_WARN_BOOL_CONVERSION = YES;
				CLANG_WARN_COMMA = YES;
				CLANG_WARN_CONSTANT_CONVERSION = YES;
				CLANG_WARN_DEPRECATED_OBJC_IMPLEMENTATIONS = YES;
				CLANG_WARN_DIRECT_OBJC_ISA_USAGE = YES_ERROR;
				CLANG_WARN_DOCUMENTATION_COMMENTS = YES;
				CLANG_WARN_EMPTY_BODY = YES;
				CLANG_WARN_ENUM_CONVERSION = YES;
				CLANG_WARN_INFINITE_RECURSION = YES;
				CLANG_WARN_INT_CONVERSION = YES;
				CLANG_WARN_NON_LITERAL_NULL_CONVERSION = YES;
				CLANG_WARN_OBJC_IMPLICIT_RETAIN_SELF = YES;
				CLANG_WARN_OBJC_LITERAL_CONVERSION = YES;
				CLANG_WARN_OBJC_ROOT_CLASS = YES_ERROR;
				CLANG_WARN_RANGE_LOOP_ANALYSIS = YES;
				CLANG_WARN_STRICT_PROTOTYPES = YES;
				CLANG_WARN_SUSPICIOUS_MOVE = YES;
				CLANG_WARN_UNGUARDED_AVAILABILITY = YES_AGGRESSIVE;
				CLANG_WARN_UNREACHABLE_CODE = YES;
				CLANG_WARN__DUPLICATE_METHOD_MATCH = YES;
				CODE_SIGN_IDENTITY = "iPhone Developer";
				COPY_PHASE_STRIP = NO;
				DEBUG_INFORMATION_FORMAT = "dwarf-with-dsym";
				ENABLE_NS_ASSERTIONS = NO;
				ENABLE_STRICT_OBJC_MSGSEND = YES;
				GCC_C_LANGUAGE_STANDARD = gnu11;
				GCC_NO_COMMON_BLOCKS = YES;
				GCC_WARN_64_TO_32_BIT_CONVERSION = YES;
				GCC_WARN_ABOUT_RETURN_TYPE = YES_ERROR;
				GCC_WARN_UNDECLARED_SELECTOR = YES;
				GCC_WARN_UNINITIALIZED_AUTOS = YES_AGGRESSIVE;
				GCC_WARN_UNUSED_FUNCTION = YES;
				GCC_WARN_UNUSED_VARIABLE = YES;
				IPHONEOS_DEPLOYMENT_TARGET = 12.1;
				MTL_ENABLE_DEBUG_INFO = NO;
				MTL_FAST_MATH = YES;
				SDKROOT = iphoneos;
				VALIDATE_PRODUCT = YES;
			};
			name = Release;
		};
		752274DB22F1973F00AE6870 /* Debug */ = {
			isa = XCBuildConfiguration;
			buildSettings = {
				ASSETCATALOG_COMPILER_APPICON_NAME = AppIcon;
				CODE_SIGN_STYLE = Automatic;
				DEVELOPMENT_TEAM = 2L7TD29975;
				INFOPLIST_FILE = diOSDemo/Info.plist;
				LD_RUNPATH_SEARCH_PATHS = (
					"$(inherited)",
					"@executable_path/Frameworks",
				);
				PRODUCT_BUNDLE_IDENTIFIER = com.target.dragonh.diOSDemo;
				PRODUCT_NAME = "$(TARGET_NAME)";
				TARGETED_DEVICE_FAMILY = "1,2";
				USER_HEADER_SEARCH_PATHS = "$(PODS_ROOT)/**";
			};
			name = Debug;
		};
		752274DC22F1973F00AE6870 /* Release */ = {
			isa = XCBuildConfiguration;
			buildSettings = {
				ASSETCATALOG_COMPILER_APPICON_NAME = AppIcon;
				CODE_SIGN_STYLE = Automatic;
				DEVELOPMENT_TEAM = 2L7TD29975;
				INFOPLIST_FILE = diOSDemo/Info.plist;
				LD_RUNPATH_SEARCH_PATHS = (
					"$(inherited)",
					"@executable_path/Frameworks",
				);
				PRODUCT_BUNDLE_IDENTIFIER = com.target.dragonh.diOSDemo;
				PRODUCT_NAME = "$(TARGET_NAME)";
				TARGETED_DEVICE_FAMILY = "1,2";
				USER_HEADER_SEARCH_PATHS = "$(PODS_ROOT)/**";
			};
			name = Release;
		};
/* End XCBuildConfiguration section */

/* Begin XCConfigurationList section */
		752274BF22F1973C00AE6870 /* Build configuration list for PBXProject "diOSDemo" */ = {
			isa = XCConfigurationList;
			buildConfigurations = (
				752274D822F1973F00AE6870 /* Debug */,
				752274D922F1973F00AE6870 /* Release */,
			);
			defaultConfigurationIsVisible = 0;
			defaultConfigurationName = Release;
		};
		752274DA22F1973F00AE6870 /* Build configuration list for PBXNativeTarget "diOSDemo" */ = {
			isa = XCConfigurationList;
			buildConfigurations = (
				752274DB22F1973F00AE6870 /* Debug */,
				752274DC22F1973F00AE6870 /* Release */,
			);
			defaultConfigurationIsVisible = 0;
			defaultConfigurationName = Release;
		};
/* End XCConfigurationList section */
	};
	rootObject = 752274BC22F1973C00AE6870 /* Project object */;
}
